
Microsoft Visual Studio Solution File, Format Version 12.00
# Visual Studio Version 17
VisualStudioVersion = 17.6.33815.320
MinimumVisualStudioVersion = 10.0.40219.1
Project("{FAE04EC0-301F-11D3-BF4B-00C04F79EFBC}") = "ADX", "ADX.csproj", "{467307DF-C4F9-4609-9564-7546D4B88BCC}"
EndProject
Global
	GlobalSection(SolutionConfigurationPlatforms) = preSolution
		Debug|Any CPU = Debug|Any CPU
		Release|Any CPU = Release|Any CPU
	EndGlobalSection
	GlobalSection(ProjectConfigurationPlatforms) = postSolution
		{467307DF-C4F9-4609-9564-7546D4B88BCC}.Debug|Any CPU.ActiveCfg = Debug|Any CPU
		{467307DF-C4F9-4609-9564-7546D4B88BCC}.Debug|Any CPU.Build.0 = Debug|Any CPU
		{467307DF-C4F9-4609-9564-7546D4B88BCC}.Release|Any CPU.ActiveCfg = Release|Any CPU
		{467307DF-C4F9-4609-9564-7546D4B88BCC}.Release|Any CPU.Build.0 = Release|Any CPU
	EndGlobalSection
	GlobalSection(SolutionProperties) = preSolution
		HideSolutionNode = FALSE
	EndGlobalSection
	GlobalSection(ExtensibilityGlobals) = postSolution
		SolutionGuid = {E91282F4-D3BE-404A-9D77-996AE774D20D}
	EndGlobalSection
EndGlobal
